
Microsoft Visual Studio Solution File, Format Version 12.00
# Visual Studio Version 16
VisualStudioVersion = 16.0.31205.134
MinimumVisualStudioVersion = 10.0.40219.1
Project("{FAE04EC0-301F-11D3-BF4B-00C04F79EFBC}") = "NutriTracker.Android", "NutriTracker\NutriTracker.Android\NutriTracker.Android.csproj", "{817D07FA-E72D-4F9A-AECB-E41936F9A96F}"
EndProject
Project("{9A19103F-16F7-4668-BE54-9A1E7A4F7556}") = "NutriTracker", "NutriTracker\NutriTracker\NutriTracker.csproj", "{354060FD-E4DA-4D66-AC11-B8AC29017A3A}"
EndProject
Global
	GlobalSection(SolutionConfigurationPlatforms) = preSolution
		Debug|Any CPU = Debug|Any CPU
		Debug|ARM = Debug|ARM
		Debug|iPhone = Debug|iPhone
		Debug|iPhoneSimulator = Debug|iPhoneSimulator
		Debug|x64 = Debug|x64
		Debug|x86 = Debug|x86
		Release|Any CPU = Release|Any CPU
		Release|ARM = Release|ARM
		Release|iPhone = Release|iPhone
		Release|iPhoneSimulator = Release|iPhoneSimulator
		Release|x64 = Release|x64
		Release|x86 = Release|x86
	EndGlobalSection
	GlobalSection(ProjectConfigurationPlatforms) = postSolution
		{817D07FA-E72D-4F9A-AECB-E41936F9A96F}.Debug|Any CPU.ActiveCfg = Debug|Any CPU
		{817D07FA-E72D-4F9A-AECB-E41936F9A96F}.Debug|Any CPU.Build.0 = Debug|Any CPU
		{817D07FA-E72D-4F9A-AECB-E41936F9A96F}.Debug|Any CPU.Deploy.0 = Debug|Any CPU
		{817D07FA-E72D-4F9A-AECB-E41936F9A96F}.Debug|ARM.ActiveCfg = Debug|Any CPU
		{817D07FA-E72D-4F9A-AECB-E41936F9A96F}.Debug|ARM.Build.0 = Debug|Any CPU
		{817D07FA-E72D-4F9A-AECB-E41936F9A96F}.Debug|ARM.Deploy.0 = Debug|Any CPU
		{817D07FA-E72D-4F9A-AECB-E41936F9A96F}.Debug|iPhone.ActiveCfg = Debug|Any CPU
		{817D07FA-E72D-4F9A-AECB-E41936F9A96F}.Debug|iPhone.Build.0 = Debug|Any CPU
		{817D07FA-E72D-4F9A-AECB-E41936F9A96F}.Debug|iPhone.Deploy.0 = Debug|Any CPU
		{817D07FA-E72D-4F9A-AECB-E41936F9A96F}.Debug|iPhoneSimulator.ActiveCfg = Debug|Any CPU
		{817D07FA-E72D-4F9A-AECB-E41936F9A96F}.Debug|iPhoneSimulator.Build.0 = Debug|Any CPU
		{817D07FA-E72D-4F9A-AECB-E41936F9A96F}.Debug|iPhoneSimulator.Deploy.0 = Debug|Any CPU
		{817D07FA-E72D-4F9A-AECB-E41936F9A96F}.Debug|x64.ActiveCfg = Debug|Any CPU
		{817D07FA-E72D-4F9A-AECB-E41936F9A96F}.Debug|x64.Build.0 = Debug|Any CPU
		{817D07FA-E72D-4F9A-AECB-E41936F9A96F}.Debug|x64.Deploy.0 = Debug|Any CPU
		{817D07FA-E72D-4F9A-AECB-E41936F9A96F}.Debug|x86.ActiveCfg = Debug|Any CPU
		{817D07FA-E72D-4F9A-AECB-E41936F9A96F}.Debug|x86.Build.0 = Debug|Any CPU
		{817D07FA-E72D-4F9A-AECB-E41936F9A96F}.Debug|x86.Deploy.0 = Debug|Any CPU
		{817D07FA-E72D-4F9A-AECB-E41936F9A96F}.Release|Any CPU.ActiveCfg = Release|Any CPU
		{817D07FA-E72D-4F9A-AECB-E41936F9A96F}.Release|Any CPU.Build.0 = Release|Any CPU
		{817D07FA-E72D-4F9A-AECB-E41936F9A96F}.Release|Any CPU.Deploy.0 = Release|Any CPU
		{817D07FA-E72D-4F9A-AECB-E41936F9A96F}.Release|ARM.ActiveCfg = Release|Any CPU
		{817D07FA-E72D-4F9A-AECB-E41936F9A96F}.Release|ARM.Build.0 = Release|Any CPU
		{817D07FA-E72D-4F9A-AECB-E41936F9A96F}.Release|ARM.Deploy.0 = Release|Any CPU
		{817D07FA-E72D-4F9A-AECB-E41936F9A96F}.Release|iPhone.ActiveCfg = Release|Any CPU
		{817D07FA-E72D-4F9A-AECB-E41936F9A96F}.Release|iPhone.Build.0 = Release|Any CPU
		{817D07FA-E72D-4F9A-AECB-E41936F9A96F}.Release|iPhone.Deploy.0 = Release|Any CPU
		{817D07FA-E72D-4F9A-AECB-E41936F9A96F}.Release|iPhoneSimulator.ActiveCfg = Release|Any CPU
		{817D07FA-E72D-4F9A-AECB-E41936F9A96F}.Release|iPhoneSimulator.Build.0 = Release|Any CPU
		{817D07FA-E72D-4F9A-AECB-E41936F9A96F}.Release|iPhoneSimulator.Deploy.0 = Release|Any CPU
		{817D07FA-E72D-4F9A-AECB-E41936F9A96F}.Release|x64.ActiveCfg = Release|Any CPU
		{817D07FA-E72D-4F9A-AECB-E41936F9A96F}.Release|x64.Build.0 = Release|Any CPU
		{817D07FA-E72D-4F9A-AECB-E41936F9A96F}.Release|x64.Deploy.0 = Release|Any CPU
		{817D07FA-E72D-4F9A-AECB-E41936F9A96F}.Release|x86.ActiveCfg = Release|Any CPU
		{817D07FA-E72D-4F9A-AECB-E41936F9A96F}.Release|x86.Build.0 = Release|Any CPU
		{817D07FA-E72D-4F9A-AECB-E41936F9A96F}.Release|x86.Deploy.0 = Release|Any CPU
		{354060FD-E4DA-4D66-AC11-B8AC29017A3A}.Debug|Any CPU.ActiveCfg = Debug|Any CPU
		{354060FD-E4DA-4D66-AC11-B8AC29017A3A}.Debug|Any CPU.Build.0 = Debug|Any CPU
		{354060FD-E4DA-4D66-AC11-B8AC29017A3A}.Debug|Any CPU.Deploy.0 = Debug|Any CPU
		{354060FD-E4DA-4D66-AC11-B8AC29017A3A}.Debug|ARM.ActiveCfg = Debug|Any CPU
		{354060FD-E4DA-4D66-AC11-B8AC29017A3A}.Debug|ARM.Build.0 = Debug|Any CPU
		{354060FD-E4DA-4D66-AC11-B8AC29017A3A}.Debug|ARM.Deploy.0 = Debug|Any CPU
		{354060FD-E4DA-4D66-AC11-B8AC29017A3A}.Debug|iPhone.ActiveCfg = Debug|Any CPU
		{354060FD-E4DA-4D66-AC11-B8AC29017A3A}.Debug|iPhone.Build.0 = Debug|Any CPU
		{354060FD-E4DA-4D66-AC11-B8AC29017A3A}.Debug|iPhone.Deploy.0 = Debug|Any CPU
		{354060FD-E4DA-4D66-AC11-B8AC29017A3A}.Debug|iPhoneSimulator.ActiveCfg = Debug|Any CPU
		{354060FD-E4DA-4D66-AC11-B8AC29017A3A}.Debug|iPhoneSimulator.Build.0 = Debug|Any CPU
		{354060FD-E4DA-4D66-AC11-B8AC29017A3A}.Debug|iPhoneSimulator.Deploy.0 = Debug|Any CPU
		{354060FD-E4DA-4D66-AC11-B8AC29017A3A}.Debug|x64.ActiveCfg = Debug|Any CPU
		{354060FD-E4DA-4D66-AC11-B8AC29017A3A}.Debug|x64.Build.0 = Debug|Any CPU
		{354060FD-E4DA-4D66-AC11-B8AC29017A3A}.Debug|x64.Deploy.0 = Debug|Any CPU
		{354060FD-E4DA-4D66-AC11-B8AC29017A3A}.Debug|x86.ActiveCfg = Debug|Any CPU
		{354060FD-E4DA-4D66-AC11-B8AC29017A3A}.Debug|x86.Build.0 = Debug|Any CPU
		{354060FD-E4DA-4D66-AC11-B8AC29017A3A}.Debug|x86.Deploy.0 = Debug|Any CPU
		{354060FD-E4DA-4D66-AC11-B8AC29017A3A}.Release|Any CPU.ActiveCfg = Release|Any CPU
		{354060FD-E4DA-4D66-AC11-B8AC29017A3A}.Release|Any CPU.Build.0 = Release|Any CPU
		{354060FD-E4DA-4D66-AC11-B8AC29017A3A}.Release|Any CPU.Deploy.0 = Release|Any CPU
		{354060FD-E4DA-4D66-AC11-B8AC29017A3A}.Release|ARM.ActiveCfg = Release|Any CPU
		{354060FD-E4DA-4D66-AC11-B8AC29017A3A}.Release|ARM.Build.0 = Release|Any CPU
		{354060FD-E4DA-4D66-AC11-B8AC29017A3A}.Release|ARM.Deploy.0 = Release|Any CPU
		{354060FD-E4DA-4D66-AC11-B8AC29017A3A}.Release|iPhone.ActiveCfg = Release|Any CPU
		{354060FD-E4DA-4D66-AC11-B8AC29017A3A}.Release|iPhone.Build.0 = Release|Any CPU
		{354060FD-E4DA-4D66-AC11-B8AC29017A3A}.Release|iPhone.Deploy.0 = Release|Any CPU
		{354060FD-E4DA-4D66-AC11-B8AC29017A3A}.Release|iPhoneSimulator.ActiveCfg = Release|Any CPU
		{354060FD-E4DA-4D66-AC11-B8AC29017A3A}.Release|iPhoneSimulator.Build.0 = Release|Any CPU
		{354060FD-E4DA-4D66-AC11-B8AC29017A3A}.Release|iPhoneSimulator.Deploy.0 = Release|Any CPU
		{354060FD-E4DA-4D66-AC11-B8AC29017A3A}.Release|x64.ActiveCfg = Release|Any CPU
		{354060FD-E4DA-4D66-AC11-B8AC29017A3A}.Release|x64.Build.0 = Release|Any CPU
		{354060FD-E4DA-4D66-AC11-B8AC29017A3A}.Release|x64.Deploy.0 = Release|Any CPU
		{354060FD-E4DA-4D66-AC11-B8AC29017A3A}.Release|x86.ActiveCfg = Release|Any CPU
		{354060FD-E4DA-4D66-AC11-B8AC29017A3A}.Release|x86.Build.0 = Release|Any CPU
		{354060FD-E4DA-4D66-AC11-B8AC29017A3A}.Release|x86.Deploy.0 = Release|Any CPU
	EndGlobalSection
	GlobalSection(SolutionProperties) = preSolution
		HideSolutionNode = FALSE
	EndGlobalSection
	GlobalSection(ExtensibilityGlobals) = postSolution
		SolutionGuid = {AD83863D-894A-4B78-9425-D740E5F9A304}
	EndGlobalSection
EndGlobal
